lockfileVersion: '6.0'

dependencies:
  immer:
    specifier: ^10.0.2
    version: 10.0.2
  immutable:
    specifier: ^4.3.0
    version: 4.3.0

packages:

  /immer@10.0.2:
    resolution: {integrity: sha512-Rx3CqeqQ19sxUtYV9CU911Vhy8/721wRFnJv3REVGWUmoAcIwzifTsdmJte/MV+0/XpM35LZdQMBGkRIoLPwQA==}
    dev: false

  /immutable@4.3.0:
    resolution: {integrity: sha512-0AOCmOip+xgJwEVTQj1EfiDDOkPmuyllDuTuEX+DDXUgapLAsBIfkg3sxCYyCEA8mQqZrrxPUGjcOQ2JS3WLkg==}
    dev: false
